github.com/chzyer/logex v1.2.1/go.mod h1:JLbx6lG2kDbNRFnfkgvh4eRJRPX1QCoOIWomwysCBrQ=
github.com/chzyer/readline v1.5.1 h1:upd/6fQk4src78LMRzh5vItIt361/o4uq553V8B5sGI=
github.com/chzyer/readline v1.5.1/go.mod h1:Eh+b79XXUwfKfcPLepksvw2tcLE/Ct21YObkaSkeBlk=
github.com/chzyer/test v1.0.0/go.mod h1:2JlltgoNkt4TW/z9V/IzDdFaMTM2JPIi26O1pF38GC8=
github.com/goccy/go-json v0.10.2 h1:CrxCmQqYDkv1z7lO7Wbh2HN93uovUHgrECaO5ZrCXAU=
github.com/goccy/go-json v0.10.2/go.mod h1:6MelG93GURQebXPDq3khkgXZkazVtN9CRI+MGFi0w8I=
github.com/google/pprof v0.0.0-20230406165453-00490a63f317 h1:hFhpt7CTmR3DX+b4R19ydQFtofxT0Sv3QsKNMVQYTMQ=
github.com/google/pprof v0.0.0-20230406165453-00490a63f317/go.mod h1:79YE0hCXdHag9sBkw2o+N/YnZtTkXi0UT9Nnixa5eYk=
github.com/ianlancetaylor/demangle v0.0.0-20230322204757-857afb9054cd h1:ueaNYLw3m2nY25WL5hKP+wA7glfxb0G0RWepwIYvzjg=
github.com/ianlancetaylor/demangle v0.0.0-20230322204757-857afb9054cd/go.mod h1:aYm2/VgdVmcIU8iMfdMvDMsRAQjcfZSKFby6HOFvi/w=
github.com/kpango/fastime v1.1.9 h1:xVQHcqyPt5M69DyFH7g1EPRns1YQNap9d5eLhl/Jy84=
github.com/kpango/fastime v1.1.9/go.mod h1:vyD7FnUn08zxY4b/QFBZVG+9EWMYsNl+QF0uE46urD4=
github.com/kpango/glg v1.6.15 h1:nw0xSxpSyrDIWHeb3dvnE08PW+SCbK+aYFETT75IeLA=
github.com/kpango/glg v1.6.15/go.mod h1:cmsc7Yeu8AS3wHLmN7bhwENXOpxfq+QoqxCIk2FneRk=
golang.org/x/sys v0.0.0-20220310020820-b874c991c1a5/go.mod h1:oPkhp1MJrh7nUepCBck5+mAzfO9JrbApNNgaTdGDITg=
golang.org/x/sys v0.7.0 h1:3jlCCIQZPdOYu1h8BkNvLz8Kgwtae2cagcG/VamtZRU=
golang.org/x/sys v0.7.0/go.mod h1:oPkhp1MJrh7nUepCBck5+mAzfO9JrbApNNgaTdGDITg=
